
Microsoft Visual Studio Solution File, Format Version 12.00
# Visual Studio Version 16
VisualStudioVersion = 16.0.31624.102
MinimumVisualStudioVersion = 10.0.40219.1
Project("{FAE04EC0-301F-11D3-BF4B-00C04F79EFBC}") = "FatosRelevantes.Android", "FatosRelevantes\FatosRelevantes.Android\FatosRelevantes.Android.csproj", "{69B5EDF0-0D11-406C-BD86-519C570DE2FA}"
EndProject
Project("{FAE04EC0-301F-11D3-BF4B-00C04F79EFBC}") = "FatosRelevantes.iOS", "FatosRelevantes\FatosRelevantes.iOS\FatosRelevantes.iOS.csproj", "{813CDE78-14B0-4086-907B-A652668BB852}"
EndProject
Project("{FAE04EC0-301F-11D3-BF4B-00C04F79EFBC}") = "FatosRelevantes", "FatosRelevantes\FatosRelevantes\FatosRelevantes.csproj", "{42AFE19A-6F90-4D7B-8CF5-B974C5ED41F4}"
EndProject
Global
	GlobalSection(SolutionConfigurationPlatforms) = preSolution
		Debug|Any CPU = Debug|Any CPU
		Debug|iPhone = Debug|iPhone
		Debug|iPhoneSimulator = Debug|iPhoneSimulator
		Release|Any CPU = Release|Any CPU
		Release|iPhone = Release|iPhone
		Release|iPhoneSimulator = Release|iPhoneSimulator
	EndGlobalSection
	GlobalSection(ProjectConfigurationPlatforms) = postSolution
		{69B5EDF0-0D11-406C-BD86-519C570DE2FA}.Debug|Any CPU.ActiveCfg = Debug|Any CPU
		{69B5EDF0-0D11-406C-BD86-519C570DE2FA}.Debug|Any CPU.Build.0 = Debug|Any CPU
		{69B5EDF0-0D11-406C-BD86-519C570DE2FA}.Debug|Any CPU.Deploy.0 = Debug|Any CPU
		{69B5EDF0-0D11-406C-BD86-519C570DE2FA}.Debug|iPhone.ActiveCfg = Debug|Any CPU
		{69B5EDF0-0D11-406C-BD86-519C570DE2FA}.Debug|iPhone.Build.0 = Debug|Any CPU
		{69B5EDF0-0D11-406C-BD86-519C570DE2FA}.Debug|iPhone.Deploy.0 = Debug|Any CPU
		{69B5EDF0-0D11-406C-BD86-519C570DE2FA}.Debug|iPhoneSimulator.ActiveCfg = Debug|Any CPU
		{69B5EDF0-0D11-406C-BD86-519C570DE2FA}.Debug|iPhoneSimulator.Build.0 = Debug|Any CPU
		{69B5EDF0-0D11-406C-BD86-519C570DE2FA}.Debug|iPhoneSimulator.Deploy.0 = Debug|Any CPU
		{69B5EDF0-0D11-406C-BD86-519C570DE2FA}.Release|Any CPU.ActiveCfg = Release|Any CPU
		{69B5EDF0-0D11-406C-BD86-519C570DE2FA}.Release|Any CPU.Build.0 = Release|Any CPU
		{69B5EDF0-0D11-406C-BD86-519C570DE2FA}.Release|Any CPU.Deploy.0 = Release|Any CPU
		{69B5EDF0-0D11-406C-BD86-519C570DE2FA}.Release|iPhone.ActiveCfg = Release|Any CPU
		{69B5EDF0-0D11-406C-BD86-519C570DE2FA}.Release|iPhone.Build.0 = Release|Any CPU
		{69B5EDF0-0D11-406C-BD86-519C570DE2FA}.Release|iPhone.Deploy.0 = Release|Any CPU
		{69B5EDF0-0D11-406C-BD86-519C570DE2FA}.Release|iPhoneSimulator.ActiveCfg = Release|Any CPU
		{69B5EDF0-0D11-406C-BD86-519C570DE2FA}.Release|iPhoneSimulator.Build.0 = Release|Any CPU
		{69B5EDF0-0D11-406C-BD86-519C570DE2FA}.Release|iPhoneSimulator.Deploy.0 = Release|Any CPU
		{813CDE78-14B0-4086-907B-A652668BB852}.Debug|Any CPU.ActiveCfg = Debug|iPhone
		{813CDE78-14B0-4086-907B-A652668BB852}.Debug|Any CPU.Build.0 = Debug|iPhone
		{813CDE78-14B0-4086-907B-A652668BB852}.Debug|Any CPU.Deploy.0 = Debug|iPhone
		{813CDE78-14B0-4086-907B-A652668BB852}.Debug|iPhone.ActiveCfg = Debug|iPhone
		{813CDE78-14B0-4086-907B-A652668BB852}.Debug|iPhone.Build.0 = Debug|iPhone
		{813CDE78-14B0-4086-907B-A652668BB852}.Debug|iPhone.Deploy.0 = Debug|iPhone
		{813CDE78-14B0-4086-907B-A652668BB852}.Debug|iPhoneSimulator.ActiveCfg = Debug|iPhoneSimulator
		{813CDE78-14B0-4086-907B-A652668BB852}.Debug|iPhoneSimulator.Build.0 = Debug|iPhoneSimulator
		{813CDE78-14B0-4086-907B-A652668BB852}.Debug|iPhoneSimulator.Deploy.0 = Debug|iPhoneSimulator
		{813CDE78-14B0-4086-907B-A652668BB852}.Release|Any CPU.ActiveCfg = Release|iPhoneSimulator
		{813CDE78-14B0-4086-907B-A652668BB852}.Release|Any CPU.Build.0 = Release|iPhoneSimulator
		{813CDE78-14B0-4086-907B-A652668BB852}.Release|Any CPU.Deploy.0 = Release|iPhoneSimulator
		{813CDE78-14B0-4086-907B-A652668BB852}.Release|iPhone.ActiveCfg = Release|iPhone
		{813CDE78-14B0-4086-907B-A652668BB852}.Release|iPhone.Build.0 = Release|iPhone
		{813CDE78-14B0-4086-907B-A652668BB852}.Release|iPhone.Deploy.0 = Release|iPhone
		{813CDE78-14B0-4086-907B-A652668BB852}.Release|iPhoneSimulator.ActiveCfg = Release|iPhoneSimulator
		{813CDE78-14B0-4086-907B-A652668BB852}.Release|iPhoneSimulator.Build.0 = Release|iPhoneSimulator
		{813CDE78-14B0-4086-907B-A652668BB852}.Release|iPhoneSimulator.Deploy.0 = Release|iPhoneSimulator
		{42AFE19A-6F90-4D7B-8CF5-B974C5ED41F4}.Debug|Any CPU.ActiveCfg = Debug|Any CPU
		{42AFE19A-6F90-4D7B-8CF5-B974C5ED41F4}.Debug|Any CPU.Build.0 = Debug|Any CPU
		{42AFE19A-6F90-4D7B-8CF5-B974C5ED41F4}.Debug|Any CPU.Deploy.0 = Debug|Any CPU
		{42AFE19A-6F90-4D7B-8CF5-B974C5ED41F4}.Debug|iPhone.ActiveCfg = Debug|Any CPU
		{42AFE19A-6F90-4D7B-8CF5-B974C5ED41F4}.Debug|iPhone.Build.0 = Debug|Any CPU
		{42AFE19A-6F90-4D7B-8CF5-B974C5ED41F4}.Debug|iPhone.Deploy.0 = Debug|Any CPU
		{42AFE19A-6F90-4D7B-8CF5-B974C5ED41F4}.Debug|iPhoneSimulator.ActiveCfg = Debug|Any CPU
		{42AFE19A-6F90-4D7B-8CF5-B974C5ED41F4}.Debug|iPhoneSimulator.Build.0 = Debug|Any CPU
		{42AFE19A-6F90-4D7B-8CF5-B974C5ED41F4}.Debug|iPhoneSimulator.Deploy.0 = Debug|Any CPU
		{42AFE19A-6F90-4D7B-8CF5-B974C5ED41F4}.Release|Any CPU.ActiveCfg = Release|Any CPU
		{42AFE19A-6F90-4D7B-8CF5-B974C5ED41F4}.Release|Any CPU.Build.0 = Release|Any CPU
		{42AFE19A-6F90-4D7B-8CF5-B974C5ED41F4}.Release|Any CPU.Deploy.0 = Release|Any CPU
		{42AFE19A-6F90-4D7B-8CF5-B974C5ED41F4}.Release|iPhone.ActiveCfg = Release|Any CPU
		{42AFE19A-6F90-4D7B-8CF5-B974C5ED41F4}.Release|iPhone.Build.0 = Release|Any CPU
		{42AFE19A-6F90-4D7B-8CF5-B974C5ED41F4}.Release|iPhone.Deploy.0 = Release|Any CPU
		{42AFE19A-6F90-4D7B-8CF5-B974C5ED41F4}.Release|iPhoneSimulator.ActiveCfg = Release|Any CPU
		{42AFE19A-6F90-4D7B-8CF5-B974C5ED41F4}.Release|iPhoneSimulator.Build.0 = Release|Any CPU
		{42AFE19A-6F90-4D7B-8CF5-B974C5ED41F4}.Release|iPhoneSimulator.Deploy.0 = Release|Any CPU
	EndGlobalSection
	GlobalSection(SolutionProperties) = preSolution
		HideSolutionNode = FALSE
	EndGlobalSection
	GlobalSection(ExtensibilityGlobals) = postSolution
		SolutionGuid = {4FF2FFC2-57B8-4C86-A73C-326A39D5CF9F}
	EndGlobalSection
EndGlobal
